{
  "name": "painter",
  "version": "0.0.0",
  "lockfileVersion": 1,
  "requires": true,
  "dependencies": {
    "pngjs": {
      "version": "3.3.2",
      "resolved": "https://registry.npmjs.org/pngjs/-/pngjs-3.3.2.tgz",
      "integrity": "sha512-bVNd3LMXRzdo6s4ehr4XW2wFMu9cb40nPgHEjSSppm8/++Xc+g0b2QQb+SeDesgfANXbjydOr1or9YQ+pcCZPQ=="
    },
    "synaptic": {
      "version": "1.1.4",
      "resolved": "https://registry.npmjs.org/synaptic/-/synaptic-1.1.4.tgz",
      "integrity": "sha512-JFtU98VDFI0uBTowgySo+UUEkc7rSVHaxx9D6dR5BK6u81G7uAxcp32Gi2SHciLpFbvJVd1Pfz7aqSNQO4EH9Q=="
    }
  }
}
